
Microsoft Visual Studio Solution File, Format Version 12.00
# Visual Studio Version 16
VisualStudioVersion = 16.0.29609.76
MinimumVisualStudioVersion = 10.0.40219.1
Project("{FAE04EC0-301F-11D3-BF4B-00C04F79EFBC}") = "Ceramic", "Ceramic\Ceramic.csproj", "{770DF937-E8CC-4C95-82A3-0034534C18CA}"
EndProject
Global
	GlobalSection(SolutionConfigurationPlatforms) = preSolution
		Debug|Any CPU = Debug|Any CPU
		Release|Any CPU = Release|Any CPU
	EndGlobalSection
	GlobalSection(ProjectConfigurationPlatforms) = postSolution
		{770DF937-E8CC-4C95-82A3-0034534C18CA}.Debug|Any CPU.ActiveCfg = Debug|Any CPU
		{770DF937-E8CC-4C95-82A3-0034534C18CA}.Debug|Any CPU.Build.0 = Debug|Any CPU
		{770DF937-E8CC-4C95-82A3-0034534C18CA}.Release|Any CPU.ActiveCfg = Release|Any CPU
		{770DF937-E8CC-4C95-82A3-0034534C18CA}.Release|Any CPU.Build.0 = Release|Any CPU
	EndGlobalSection
	GlobalSection(SolutionProperties) = preSolution
		HideSolutionNode = FALSE
	EndGlobalSection
	GlobalSection(ExtensibilityGlobals) = postSolution
		SolutionGuid = {DDC6635A-69DC-4CFA-82E1-C34EE28CA262}
	EndGlobalSection
EndGlobal
